{
  "name": "even-agent-simulator-tools",
  "lockfileVersion": 3,
  "requires": true,
  "packages": {
    "": {
      "name": "even-agent-simulator-tools",
      "devDependencies": {
        "@evenrealities/evenhub-simulator": "0.9.5"
      }
    },
    "node_modules/@evenrealities/evenhub-simulator": {
      "version": "0.9.5",
      "resolved": "https://registry.npmjs.org/@evenrealities/evenhub-simulator/-/evenhub-simulator-0.9.5.tgz",
      "integrity": "sha512-pGqNoog8BI9qatQQOwqgaz+jWHvktjIcrCIHkWNrwGpN8oCZIkz9oIFdtstpk6CG/QiO3NhFuaVpInBYb3KhfQ==",
      "dev": true,
      "license": "MIT",
      "bin": {
        "evenhub-simulator": "bin/index.js"
      },
      "optionalDependencies": {
        "@evenrealities/sim-darwin-arm64": "0.9.5",
        "@evenrealities/sim-darwin-x64": "0.9.5",
        "@evenrealities/sim-linux-arm64": "0.9.5",
        "@evenrealities/sim-linux-x64": "0.9.5",
        "@evenrealities/sim-win32-arm64": "0.9.5",
        "@evenrealities/sim-win32-x64": "0.9.5"
      }
    },
    "node_modules/@evenrealities/sim-darwin-arm64": {
      "version": "0.9.5",
      "resolved": "https://registry.npmjs.org/@evenrealities/sim-darwin-arm64/-/sim-darwin-arm64-0.9.5.tgz",
      "integrity": "sha512-BDEFOrECb/jyocMuw5LbVew/KgBElgtLAQgNngcvOf6/Rx6GLadeLDj3LMKLbbhIYHLmM5cx1HX8AgSjon3kvg==",
      "cpu": [
        "arm64"
      ],
      "dev": true,
      "license": "MIT",
      "optional": true,
      "os": [
        "darwin"
      ],
      "bin": {
        "evenhub-simulator": "bin/evenhub-simulator"
      }
    },
    "node_modules/@evenrealities/sim-darwin-x64": {
      "version": "0.9.5",
      "resolved": "https://registry.npmjs.org/@evenrealities/sim-darwin-x64/-/sim-darwin-x64-0.9.5.tgz",
      "integrity": "sha512-fZ+FcZUZ0kQqY56vmUI9blPpNEQ1bGmdyrvAz/ibxpXd4dtD8ej4qjGKPl1ZI2+OSTy7b4oS512o/day+Cp+FA==",
      "cpu": [
        "x64"
      ],
      "dev": true,
      "license": "MIT",
      "optional": true,
      "os": [
        "darwin"
      ],
      "bin": {
        "evenhub-simulator": "bin/evenhub-simulator"
      }
    },
    "node_modules/@evenrealities/sim-linux-arm64": {
      "version": "0.9.5",
      "resolved": "https://registry.npmjs.org/@evenrealities/sim-linux-arm64/-/sim-linux-arm64-0.9.5.tgz",
      "integrity": "sha512-HAYPupYYQ75d/+fevQtTk6ZNxNuU5/ZFJ/GUmd6mhIwsiiCAUr1rXyO1wJJwP59gQut/Y62rEdh950yzP+5oag==",
      "cpu": [
        "arm64"
      ],
      "dev": true,
      "license": "MIT",
      "optional": true,
      "os": [
        "linux"
      ],
      "bin": {
        "evenhub-simulator": "bin/evenhub-simulator"
      }
    },
    "node_modules/@evenrealities/sim-linux-x64": {
      "version": "0.9.5",
      "resolved": "https://registry.npmjs.org/@evenrealities/sim-linux-x64/-/sim-linux-x64-0.9.5.tgz",
      "integrity": "sha512-N2Aoye8an5CWew7WaVREFXOtdt4cxta9pzpZq0ojd+IInGjBvTilqepPn5PJay8w3Al5m25G5nz+JT/KepTzgg==",
      "cpu": [
        "x64"
      ],
      "dev": true,
      "license": "MIT",
      "optional": true,
      "os": [
        "linux"
      ],
      "bin": {
        "evenhub-simulator": "bin/evenhub-simulator"
      }
    },
    "node_modules/@evenrealities/sim-win32-arm64": {
      "version": "0.9.5",
      "resolved": "https://registry.npmjs.org/@evenrealities/sim-win32-arm64/-/sim-win32-arm64-0.9.5.tgz",
      "integrity": "sha512-lXCRa9cFz9YXzWhLlct3Qk7WpolUl/zbWZFfZYMYCaCnDT1i5ME1Obs4eQv65e/IPjNL7nu67Ff4Dwp1WCrG8g==",
      "cpu": [
        "arm64"
      ],
      "dev": true,
      "license": "MIT",
      "optional": true,
      "os": [
        "win32"
      ],
      "bin": {
        "evenhub-simulator": "bin/evenhub-simulator.exe"
      }
    },
    "node_modules/@evenrealities/sim-win32-x64": {
      "version": "0.9.5",
      "resolved": "https://registry.npmjs.org/@evenrealities/sim-win32-x64/-/sim-win32-x64-0.9.5.tgz",
      "integrity": "sha512-AwN4O1tOxFr+VwXKZjCHb353HyJOSHTlagnsgoOehabNY1p3GmlpUfwD2R30uSCKUNO4gEzEKtbkSCbncqcZ4g==",
      "cpu": [
        "x64"
      ],
      "dev": true,
      "license": "MIT",
      "optional": true,
      "os": [
        "win32"
      ],
      "bin": {
        "evenhub-simulator": "bin/evenhub-simulator.exe"
      }
    }
  }
}
