{
  "name": "even-agent-simulator-tools",
  "lockfileVersion": 3,
  "requires": true,
  "packages": {
    "": {
      "name": "even-agent-simulator-tools",
      "dependencies": {
        "even-g2-poc": "file:../.."
      },
      "devDependencies": {
        "@evenrealities/evenhub-simulator": "0.9.3"
      }
    },
    "node_modules/@evenrealities/evenhub-simulator": {
      "version": "0.9.3",
      "resolved": "https://registry.npmjs.org/@evenrealities/evenhub-simulator/-/evenhub-simulator-0.9.3.tgz",
      "integrity": "sha512-x431poPoSAV7FyVuYYR73VYDBkYMBtWGR9Ps6k6Td8lyj4zMoXMlRXUS8hb11aSFmXUiDsePNwl2ckFVy+dz4g==",
      "dev": true,
      "bin": {
        "evenhub-simulator": "bin/index.js"
      },
      "optionalDependencies": {
        "@evenrealities/sim-darwin-arm64": "0.9.3",
        "@evenrealities/sim-darwin-x64": "0.9.3",
        "@evenrealities/sim-linux-x64": "0.9.3",
        "@evenrealities/sim-win32-x64": "0.9.3"
      }
    },
    "node_modules/@evenrealities/sim-darwin-arm64": {
      "version": "0.9.3",
      "resolved": "https://registry.npmjs.org/@evenrealities/sim-darwin-arm64/-/sim-darwin-arm64-0.9.3.tgz",
      "integrity": "sha512-U47Pg3O8TQEuwd+bflSGh1Nn1GYBOuvtMHRddKEF4JtO/pB00Z/6yyp1LrEt1QiFzSbZLjNYU/H2dbJCjMYXuQ==",
      "cpu": [
        "arm64"
      ],
      "dev": true,
      "optional": true,
      "os": [
        "darwin"
      ],
      "bin": {
        "evenhub-simulator": "bin/evenhub-simulator"
      }
    },
    "node_modules/@evenrealities/sim-darwin-x64": {
      "version": "0.9.3",
      "resolved": "https://registry.npmjs.org/@evenrealities/sim-darwin-x64/-/sim-darwin-x64-0.9.3.tgz",
      "integrity": "sha512-xQtGmElqncS74LQJqlyZ9J7UyPIeaFUOl2WyXsac8YM2N6dN9dMCDAPpEZs882pIe/EyuHr9ivT8pYWCNXOpuA==",
      "cpu": [
        "x64"
      ],
      "dev": true,
      "optional": true,
      "os": [
        "darwin"
      ],
      "bin": {
        "evenhub-simulator": "bin/evenhub-simulator"
      }
    },
    "node_modules/@evenrealities/sim-linux-x64": {
      "version": "0.9.3",
      "resolved": "https://registry.npmjs.org/@evenrealities/sim-linux-x64/-/sim-linux-x64-0.9.3.tgz",
      "integrity": "sha512-mSt6AeUh/Y/IUuMCWsl9vSaydWaRjhGjkArfgGStbjKPxEnagpQvvyA3vrgIr8kfcDU5ZO6UJxQWYXFn3XXXFA==",
      "cpu": [
        "x64"
      ],
      "dev": true,
      "optional": true,
      "os": [
        "linux"
      ],
      "bin": {
        "evenhub-simulator": "bin/evenhub-simulator"
      }
    },
    "node_modules/@evenrealities/sim-win32-x64": {
      "version": "0.9.3",
      "resolved": "https://registry.npmjs.org/@evenrealities/sim-win32-x64/-/sim-win32-x64-0.9.3.tgz",
      "integrity": "sha512-j7hHTpRXWiZOeWSj+loSko8yoaJGev7V7EGVL0ntnVj7E/ko0NhfsMj/8d2fxBwKl1laYhbwvZIB3Vm6oKsWsw==",
      "cpu": [
        "x64"
      ],
      "dev": true,
      "optional": true,
      "os": [
        "win32"
      ],
      "bin": {
        "evenhub-simulator": "bin/evenhub-simulator.exe"
      }
    },
    "node_modules/dotenv": {
      "version": "16.4.7",
      "resolved": "https://registry.npmjs.org/dotenv/-/dotenv-16.4.7.tgz",
      "integrity": "sha512-47qPchRCykZC03FhkYAhrvwU4xDBFIj1QPqaarj6mdM/hgUzfPHcpkHJOn3mJAufFeeAxAzeGsr5X0M4k6fLZQ==",
      "engines": {
        "node": ">=12"
      },
      "funding": {
        "url": "https://dotenvx.com"
      }
    },
    "node_modules/even-g2-poc": {
      "resolved": "file:../..",
      "dependencies": {
        "dotenv": "16.4.7",
        "ws": "8.21.3"
      },
      "engines": {
        "node": ">=24"
      }
    },
    "node_modules/ws": {
      "version": "8.21.3",
      "resolved": "https://registry.npmjs.org/ws/-/ws-8.21.3.tgz",
      "integrity": "sha512-201TZ/kPWxoPr/OKWjquZR1SWKXcvxdH+e1xrx89b3YbmzLMFCLfnaG1HFIgWzJOEWZ7MvpK++odZufgYR50Rw==",
      "engines": {
        "node": ">=10.0.0"
      },
      "peerDependencies": {
        "bufferutil": "^4.0.1",
        "utf-8-validate": ">=5.0.2"
      },
      "peerDependenciesMeta": {
        "bufferutil": {
          "optional": true
        },
        "utf-8-validate": {
          "optional": true
        }
      }
    }
  }
}
