{
  "name": "even-agent-simulator-tools",
  "lockfileVersion": 3,
  "requires": true,
  "packages": {
    "": {
      "name": "even-agent-simulator-tools",
      "devDependencies": {
        "@evenrealities/evenhub-simulator": "0.9.3"
      }
    },
    "node_modules/@evenrealities/evenhub-simulator": {
      "version": "0.9.3",
      "resolved": "https://registry.npmjs.org/@evenrealities/evenhub-simulator/-/evenhub-simulator-0.9.3.tgz",
      "integrity": "sha512-x431poPoSAV7FyVuYYR73VYDBkYMBtWGR9Ps6k6Td8lyj4zMoXMlRXUS8hb11aSFmXUiDsePNwl2ckFVy+dz4g==",
      "dev": true,
      "bin": {
        "evenhub-simulator": "bin/index.js"
      },
      "optionalDependencies": {
        "@evenrealities/sim-darwin-arm64": "0.9.3",
        "@evenrealities/sim-darwin-x64": "0.9.3",
        "@evenrealities/sim-linux-x64": "0.9.3",
        "@evenrealities/sim-win32-x64": "0.9.3"
      }
    },
    "node_modules/@evenrealities/sim-darwin-arm64": {
      "version": "0.9.3",
      "resolved": "https://registry.npmjs.org/@evenrealities/sim-darwin-arm64/-/sim-darwin-arm64-0.9.3.tgz",
      "integrity": "sha512-U47Pg3O8TQEuwd+bflSGh1Nn1GYBOuvtMHRddKEF4JtO/pB00Z/6yyp1LrEt1QiFzSbZLjNYU/H2dbJCjMYXuQ==",
      "cpu": [
        "arm64"
      ],
      "dev": true,
      "optional": true,
      "os": [
        "darwin"
      ],
      "bin": {
        "evenhub-simulator": "bin/evenhub-simulator"
      }
    },
    "node_modules/@evenrealities/sim-darwin-x64": {
      "version": "0.9.3",
      "resolved": "https://registry.npmjs.org/@evenrealities/sim-darwin-x64/-/sim-darwin-x64-0.9.3.tgz",
      "integrity": "sha512-xQtGmElqncS74LQJqlyZ9J7UyPIeaFUOl2WyXsac8YM2N6dN9dMCDAPpEZs882pIe/EyuHr9ivT8pYWCNXOpuA==",
      "cpu": [
        "x64"
      ],
      "dev": true,
      "optional": true,
      "os": [
        "darwin"
      ],
      "bin": {
        "evenhub-simulator": "bin/evenhub-simulator"
      }
    },
    "node_modules/@evenrealities/sim-linux-x64": {
      "version": "0.9.3",
      "resolved": "https://registry.npmjs.org/@evenrealities/sim-linux-x64/-/sim-linux-x64-0.9.3.tgz",
      "integrity": "sha512-mSt6AeUh/Y/IUuMCWsl9vSaydWaRjhGjkArfgGStbjKPxEnagpQvvyA3vrgIr8kfcDU5ZO6UJxQWYXFn3XXXFA==",
      "cpu": [
        "x64"
      ],
      "dev": true,
      "optional": true,
      "os": [
        "linux"
      ],
      "bin": {
        "evenhub-simulator": "bin/evenhub-simulator"
      }
    },
    "node_modules/@evenrealities/sim-win32-x64": {
      "version": "0.9.3",
      "resolved": "https://registry.npmjs.org/@evenrealities/sim-win32-x64/-/sim-win32-x64-0.9.3.tgz",
      "integrity": "sha512-j7hHTpRXWiZOeWSj+loSko8yoaJGev7V7EGVL0ntnVj7E/ko0NhfsMj/8d2fxBwKl1laYhbwvZIB3Vm6oKsWsw==",
      "cpu": [
        "x64"
      ],
      "dev": true,
      "optional": true,
      "os": [
        "win32"
      ],
      "bin": {
        "evenhub-simulator": "bin/evenhub-simulator.exe"
      }
    }
  }
}
